
Microsoft Visual Studio Solution File, Format Version 12.00
# Visual Studio 15
VisualStudioVersion = 15.0.27703.2018
MinimumVisualStudioVersion = 10.0.40219.1
Project("{FAE04EC0-301F-11D3-BF4B-00C04F79EFBC}") = "StreetFighterVSaveManager", "StreetFighterVSaveManager.csproj", "{1204248E-6003-41AC-9847-989F4ED6DFE6}"
EndProject
Global
	GlobalSection(SolutionConfigurationPlatforms) = preSolution
		Debug|Any CPU = Debug|Any CPU
		Release|Any CPU = Release|Any CPU
	EndGlobalSection
	GlobalSection(ProjectConfigurationPlatforms) = postSolution
		{1204248E-6003-41AC-9847-989F4ED6DFE6}.Debug|Any CPU.ActiveCfg = Debug|Any CPU
		{1204248E-6003-41AC-9847-989F4ED6DFE6}.Debug|Any CPU.Build.0 = Debug|Any CPU
		{1204248E-6003-41AC-9847-989F4ED6DFE6}.Release|Any CPU.ActiveCfg = Release|Any CPU
		{1204248E-6003-41AC-9847-989F4ED6DFE6}.Release|Any CPU.Build.0 = Release|Any CPU
	EndGlobalSection
	GlobalSection(SolutionProperties) = preSolution
		HideSolutionNode = FALSE
	EndGlobalSection
	GlobalSection(ExtensibilityGlobals) = postSolution
		SolutionGuid = {2B74FBD3-2866-4D9E-9293-06412D372D29}
	EndGlobalSection
EndGlobal
